// !$*UTF8*$!
{
	archiveVersion = 1;
	classes = {
	};
	objectVersion = 55;
	objects = {

/* Begin PBXBuildFile section */
		9708363C288F0BC000C65BD5 /* AppDelegate.swift in Sources */ = {isa = PBXBuildFile; fileRef = 9708363B288F0BC000C65BD5 /* AppDelegate.swift */; };
		9708363E288F0BC000C65BD5 /* SceneDelegate.swift in Sources */ = {isa = PBXBuildFile; fileRef = 9708363D288F0BC000C65BD5 /* SceneDelegate.swift */; };
		97083643288F0BC000C65BD5 /* Main.storyboard in Resources */ = {isa = PBXBuildFile; fileRef = 97083641288F0BC000C65BD5 /* Main.storyboard */; };
		97083645288F0BC200C65BD5 /* Assets.xcassets in Resources */ = {isa = PBXBuildFile; fileRef = 97083644288F0BC200C65BD5 /* Assets.xcassets */; };
		97083648288F0BC200C65BD5 /* LaunchScreen.storyboard in Resources */ = {isa = PBXBuildFile; fileRef = 97083646288F0BC200C65BD5 /* LaunchScreen.storyboard */; };
		97083653288F0E9400C65BD5 /* TableViewCell.swift in Sources */ = {isa = PBXBuildFile; fileRef = 97083651288F0E9400C65BD5 /* TableViewCell.swift */; };
		97083654288F0E9400C65BD5 /* TableViewCell.xib in Resources */ = {isa = PBXBuildFile; fileRef = 97083652288F0E9400C65BD5 /* TableViewCell.xib */; };
		97083656288F1E4900C65BD5 /* Models.swift in Sources */ = {isa = PBXBuildFile; fileRef = 97083655288F1E4900C65BD5 /* Models.swift */; };
		970C10502896E9FC005961EA /* 91732-hello.json in Resources */ = {isa = PBXBuildFile; fileRef = 970C104E2896E9FC005961EA /* 91732-hello.json */; };
		970C10522896EABD005961EA /* ProfileViewController.swift in Sources */ = {isa = PBXBuildFile; fileRef = 970C10512896EABD005961EA /* ProfileViewController.swift */; };
		971622F52893218C006718A3 /* WebViewController.swift in Sources */ = {isa = PBXBuildFile; fileRef = 971622F42893218C006718A3 /* WebViewController.swift */; };
		9722C7FA29AC83B70040F884 /* News+CoreDataClass.swift in Sources */ = {isa = PBXBuildFile; fileRef = 9722C7F829AC83B60040F884 /* News+CoreDataClass.swift */; };
		9722C7FB29AC83B70040F884 /* News+CoreDataProperties.swift in Sources */ = {isa = PBXBuildFile; fileRef = 9722C7F929AC83B70040F884 /* News+CoreDataProperties.swift */; };
		9722C7FC29AC841F0040F884 /* News.xcdatamodeld in Sources */ = {isa = PBXBuildFile; fileRef = 97DC153828A15EDC00696036 /* News.xcdatamodeld */; };
		973DCBB128AC1F3800B99EE7 /* 23290-newspaper.json in Resources */ = {isa = PBXBuildFile; fileRef = 973DCBB028AC1F3800B99EE7 /* 23290-newspaper.json */; };
		97716C1C288FC6890021A231 /* CategoriesViewController.swift in Sources */ = {isa = PBXBuildFile; fileRef = 97716C1B288FC6890021A231 /* CategoriesViewController.swift */; };
		97716C1E288FC69C0021A231 /* SourcesViewController.swift in Sources */ = {isa = PBXBuildFile; fileRef = 97716C1D288FC69C0021A231 /* SourcesViewController.swift */; };
		97716C20288FC70F0021A231 /* CategoriesCollectionViewCell.swift in Sources */ = {isa = PBXBuildFile; fileRef = 97716C1F288FC70F0021A231 /* CategoriesCollectionViewCell.swift */; };
		97716C22288FC7310021A231 /* CategoriesCollectionView.swift in Sources */ = {isa = PBXBuildFile; fileRef = 97716C21288FC7310021A231 /* CategoriesCollectionView.swift */; };
		97716C24288FC74E0021A231 /* SourcesCollectionView.swift in Sources */ = {isa = PBXBuildFile; fileRef = 97716C23288FC74E0021A231 /* SourcesCollectionView.swift */; };
		97716C26288FC7620021A231 /* SourcesCollectionViewCell.swift in Sources */ = {isa = PBXBuildFile; fileRef = 97716C25288FC7620021A231 /* SourcesCollectionViewCell.swift */; };
		97716C28288FDF230021A231 /* LoginViewController.swift in Sources */ = {isa = PBXBuildFile; fileRef = 97716C27288FDF230021A231 /* LoginViewController.swift */; };
		97716C2A288FDF360021A231 /* RegistrationViewController.swift in Sources */ = {isa = PBXBuildFile; fileRef = 97716C29288FDF360021A231 /* RegistrationViewController.swift */; };
		9798187F289250BD00C9D889 /* ApiViewController.swift in Sources */ = {isa = PBXBuildFile; fileRef = 9798187E289250BD00C9D889 /* ApiViewController.swift */; };
		979818812892510200C9D889 /* Network.swift in Sources */ = {isa = PBXBuildFile; fileRef = 979818802892510200C9D889 /* Network.swift */; };
		979818832892512D00C9D889 /* News.swift in Sources */ = {isa = PBXBuildFile; fileRef = 979818822892512D00C9D889 /* News.swift */; };
		97B79FC52A66509900ACCF4E /* FirebaseAuth in Frameworks */ = {isa = PBXBuildFile; productRef = 97B79FC42A66509900ACCF4E /* FirebaseAuth */; };
		97B79FC72A66509900ACCF4E /* FirebaseFirestore in Frameworks */ = {isa = PBXBuildFile; productRef = 97B79FC62A66509900ACCF4E /* FirebaseFirestore */; };
		97B79FCA2A6650B900ACCF4E /* Kingfisher in Frameworks */ = {isa = PBXBuildFile; productRef = 97B79FC92A6650B900ACCF4E /* Kingfisher */; };
		97B79FCD2A66511F00ACCF4E /* SkeletonView in Frameworks */ = {isa = PBXBuildFile; productRef = 97B79FCC2A66511F00ACCF4E /* SkeletonView */; };
		97B79FD02A66518900ACCF4E /* Lottie in Frameworks */ = {isa = PBXBuildFile; productRef = 97B79FCF2A66518900ACCF4E /* Lottie */; };
		97B79FD22A66558C00ACCF4E /* MainCategoriesCollectionViewCell.swift in Sources */ = {isa = PBXBuildFile; fileRef = 97B79FD12A66558C00ACCF4E /* MainCategoriesCollectionViewCell.swift */; };
		97B79FD42A66587F00ACCF4E /* TrendingCollectionView.swift in Sources */ = {isa = PBXBuildFile; fileRef = 97B79FD32A66587F00ACCF4E /* TrendingCollectionView.swift */; };
		97B79FD62A6659D900ACCF4E /* MainViewController.swift in Sources */ = {isa = PBXBuildFile; fileRef = 97B79FD52A6659D900ACCF4E /* MainViewController.swift */; };
		97B79FD82A66646B00ACCF4E /* MainCategoriesCollectionReusableView.swift in Sources */ = {isa = PBXBuildFile; fileRef = 97B79FD72A66646B00ACCF4E /* MainCategoriesCollectionReusableView.swift */; };
		97B79FDA2A668A6700ACCF4E /* HeaderCategoriesCollectionViewCell.swift in Sources */ = {isa = PBXBuildFile; fileRef = 97B79FD92A668A6700ACCF4E /* HeaderCategoriesCollectionViewCell.swift */; };
		97B79FDC2A669CCD00ACCF4E /* BusinessCollectionView.swift in Sources */ = {isa = PBXBuildFile; fileRef = 97B79FDB2A669CCD00ACCF4E /* BusinessCollectionView.swift */; };
		97B79FDE2A669D3E00ACCF4E /* EntertainmentCollectionView.swift in Sources */ = {isa = PBXBuildFile; fileRef = 97B79FDD2A669D3E00ACCF4E /* EntertainmentCollectionView.swift */; };
		97B79FE02A669E6200ACCF4E /* HealthCollectionView.swift in Sources */ = {isa = PBXBuildFile; fileRef = 97B79FDF2A669E6200ACCF4E /* HealthCollectionView.swift */; };
		97B79FE22A669EDB00ACCF4E /* SportsCollectionView.swift in Sources */ = {isa = PBXBuildFile; fileRef = 97B79FE12A669EDB00ACCF4E /* SportsCollectionView.swift */; };
		97B79FE42A669F1600ACCF4E /* TechnologyCollectionView.swift in Sources */ = {isa = PBXBuildFile; fileRef = 97B79FE32A669F1600ACCF4E /* TechnologyCollectionView.swift */; };
		97B79FE62A67CDF400ACCF4E /* ArticlesCollectionViewCell.swift in Sources */ = {isa = PBXBuildFile; fileRef = 97B79FE52A67CDF400ACCF4E /* ArticlesCollectionViewCell.swift */; };
		97B79FE82A67CFCB00ACCF4E /* ArticlesCollectionView.swift in Sources */ = {isa = PBXBuildFile; fileRef = 97B79FE72A67CFCB00ACCF4E /* ArticlesCollectionView.swift */; };
		97B79FEA2A67D08500ACCF4E /* ArticlesViewController.swift in Sources */ = {isa = PBXBuildFile; fileRef = 97B79FE92A67D08500ACCF4E /* ArticlesViewController.swift */; };
		97B79FED2A67D84D00ACCF4E /* SwipeCellKit in Frameworks */ = {isa = PBXBuildFile; productRef = 97B79FEC2A67D84D00ACCF4E /* SwipeCellKit */; };
		97B79FF32A68F18600ACCF4E /* Shared.swift in Sources */ = {isa = PBXBuildFile; fileRef = 97B79FF22A68F18600ACCF4E /* Shared.swift */; };
		97DC150F289B868F00696036 /* Sources.swift in Sources */ = {isa = PBXBuildFile; fileRef = 97DC150E289B868E00696036 /* Sources.swift */; };
		97F0C97A28B351B20074595B /* GoogleService-Info.plist in Resources */ = {isa = PBXBuildFile; fileRef = 97F0C97928B351B20074595B /* GoogleService-Info.plist */; };
/* End PBXBuildFile section */

/* Begin PBXFileReference section */
		97083638288F0BC000C65BD5 /* NewsApp.app */ = {isa = PBXFileReference; explicitFileType = wrapper.application; includeInIndex = 0; path = NewsApp.app; sourceTree = BUILT_PRODUCTS_DIR; };
		9708363B288F0BC000C65BD5 /* AppDelegate.swift */ = {isa = PBXFileReference; lastKnownFileType = sourcecode.swift; path = AppDelegate.swift; sourceTree = "<group>"; };
		9708363D288F0BC000C65BD5 /* SceneDelegate.swift */ = {isa = PBXFileReference; lastKnownFileType = sourcecode.swift; path = SceneDelegate.swift; sourceTree = "<group>"; };
		97083642288F0BC000C65BD5 /* Base */ = {isa = PBXFileReference; lastKnownFileType = file.storyboard; name = Base; path = Base.lproj/Main.storyboard; sourceTree = "<group>"; };
		97083644288F0BC200C65BD5 /* Assets.xcassets */ = {isa = PBXFileReference; lastKnownFileType = folder.assetcatalog; path = Assets.xcassets; sourceTree = "<group>"; };
		97083647288F0BC200C65BD5 /* Base */ = {isa = PBXFileReference; lastKnownFileType = file.storyboard; name = Base; path = Base.lproj/LaunchScreen.storyboard; sourceTree = "<group>"; };
		97083649288F0BC200C65BD5 /* Info.plist */ = {isa = PBXFileReference; lastKnownFileType = text.plist.xml; path = Info.plist; sourceTree = "<group>"; };
		97083651288F0E9400C65BD5 /* TableViewCell.swift */ = {isa = PBXFileReference; lastKnownFileType = sourcecode.swift; path = TableViewCell.swift; sourceTree = "<group>"; };
		97083652288F0E9400C65BD5 /* TableViewCell.xib */ = {isa = PBXFileReference; lastKnownFileType = file.xib; path = TableViewCell.xib; sourceTree = "<group>"; };
		97083655288F1E4900C65BD5 /* Models.swift */ = {isa = PBXFileReference; lastKnownFileType = sourcecode.swift; path = Models.swift; sourceTree = "<group>"; };
		970C104E2896E9FC005961EA /* 91732-hello.json */ = {isa = PBXFileReference; fileEncoding = 4; lastKnownFileType = text.json; path = "91732-hello.json"; sourceTree = "<group>"; };
		970C10512896EABD005961EA /* ProfileViewController.swift */ = {isa = PBXFileReference; lastKnownFileType = sourcecode.swift; path = ProfileViewController.swift; sourceTree = "<group>"; };
		971622F42893218C006718A3 /* WebViewController.swift */ = {isa = PBXFileReference; lastKnownFileType = sourcecode.swift; path = WebViewController.swift; sourceTree = "<group>"; };
		9722C7F829AC83B60040F884 /* News+CoreDataClass.swift */ = {isa = PBXFileReference; lastKnownFileType = sourcecode.swift; name = "News+CoreDataClass.swift"; path = "/Users/tomirisnegmatova/Documents/Projects/Livo project/NewsApp/News+CoreDataClass.swift"; sourceTree = "<absolute>"; };
		9722C7F929AC83B70040F884 /* News+CoreDataProperties.swift */ = {isa = PBXFileReference; lastKnownFileType = sourcecode.swift; name = "News+CoreDataProperties.swift"; path = "/Users/tomirisnegmatova/Documents/Projects/Livo project/NewsApp/News+CoreDataProperties.swift"; sourceTree = "<absolute>"; };
		973DCBB028AC1F3800B99EE7 /* 23290-newspaper.json */ = {isa = PBXFileReference; fileEncoding = 4; lastKnownFileType = text.json; path = "23290-newspaper.json"; sourceTree = "<group>"; };
		97716C1B288FC6890021A231 /* CategoriesViewController.swift */ = {isa = PBXFileReference; lastKnownFileType = sourcecode.swift; path = CategoriesViewController.swift; sourceTree = "<group>"; };
		97716C1D288FC69C0021A231 /* SourcesViewController.swift */ = {isa = PBXFileReference; lastKnownFileType = sourcecode.swift; path = SourcesViewController.swift; sourceTree = "<group>"; };
		97716C1F288FC70F0021A231 /* CategoriesCollectionViewCell.swift */ = {isa = PBXFileReference; lastKnownFileType = sourcecode.swift; path = CategoriesCollectionViewCell.swift; sourceTree = "<group>"; };
		97716C21288FC7310021A231 /* CategoriesCollectionView.swift */ = {isa = PBXFileReference; lastKnownFileType = sourcecode.swift; path = CategoriesCollectionView.swift; sourceTree = "<group>"; };
		97716C23288FC74E0021A231 /* SourcesCollectionView.swift */ = {isa = PBXFileReference; lastKnownFileType = sourcecode.swift; path = SourcesCollectionView.swift; sourceTree = "<group>"; };
		97716C25288FC7620021A231 /* SourcesCollectionViewCell.swift */ = {isa = PBXFileReference; lastKnownFileType = sourcecode.swift; path = SourcesCollectionViewCell.swift; sourceTree = "<group>"; };
		97716C27288FDF230021A231 /* LoginViewController.swift */ = {isa = PBXFileReference; lastKnownFileType = sourcecode.swift; path = LoginViewController.swift; sourceTree = "<group>"; };
		97716C29288FDF360021A231 /* RegistrationViewController.swift */ = {isa = PBXFileReference; lastKnownFileType = sourcecode.swift; path = RegistrationViewController.swift; sourceTree = "<group>"; };
		9798187E289250BD00C9D889 /* ApiViewController.swift */ = {isa = PBXFileReference; lastKnownFileType = sourcecode.swift; path = ApiViewController.swift; sourceTree = "<group>"; };
		979818802892510200C9D889 /* Network.swift */ = {isa = PBXFileReference; lastKnownFileType = sourcecode.swift; path = Network.swift; sourceTree = "<group>"; };
		979818822892512D00C9D889 /* News.swift */ = {isa = PBXFileReference; lastKnownFileType = sourcecode.swift; path = News.swift; sourceTree = "<group>"; };
		97B79FD12A66558C00ACCF4E /* MainCategoriesCollectionViewCell.swift */ = {isa = PBXFileReference; lastKnownFileType = sourcecode.swift; path = MainCategoriesCollectionViewCell.swift; sourceTree = "<group>"; };
		97B79FD32A66587F00ACCF4E /* TrendingCollectionView.swift */ = {isa = PBXFileReference; lastKnownFileType = sourcecode.swift; path = TrendingCollectionView.swift; sourceTree = "<group>"; };
		97B79FD52A6659D900ACCF4E /* MainViewController.swift */ = {isa = PBXFileReference; lastKnownFileType = sourcecode.swift; path = MainViewController.swift; sourceTree = "<group>"; };
		97B79FD72A66646B00ACCF4E /* MainCategoriesCollectionReusableView.swift */ = {isa = PBXFileReference; lastKnownFileType = sourcecode.swift; path = MainCategoriesCollectionReusableView.swift; sourceTree = "<group>"; };
		97B79FD92A668A6700ACCF4E /* HeaderCategoriesCollectionViewCell.swift */ = {isa = PBXFileReference; lastKnownFileType = sourcecode.swift; path = HeaderCategoriesCollectionViewCell.swift; sourceTree = "<group>"; };
		97B79FDB2A669CCD00ACCF4E /* BusinessCollectionView.swift */ = {isa = PBXFileReference; lastKnownFileType = sourcecode.swift; path = BusinessCollectionView.swift; sourceTree = "<group>"; };
		97B79FDD2A669D3E00ACCF4E /* EntertainmentCollectionView.swift */ = {isa = PBXFileReference; lastKnownFileType = sourcecode.swift; path = EntertainmentCollectionView.swift; sourceTree = "<group>"; };
		97B79FDF2A669E6200ACCF4E /* HealthCollectionView.swift */ = {isa = PBXFileReference; lastKnownFileType = sourcecode.swift; path = HealthCollectionView.swift; sourceTree = "<group>"; };
		97B79FE12A669EDB00ACCF4E /* SportsCollectionView.swift */ = {isa = PBXFileReference; lastKnownFileType = sourcecode.swift; path = SportsCollectionView.swift; sourceTree = "<group>"; };
		97B79FE32A669F1600ACCF4E /* TechnologyCollectionView.swift */ = {isa = PBXFileReference; lastKnownFileType = sourcecode.swift; path = TechnologyCollectionView.swift; sourceTree = "<group>"; };
		97B79FE52A67CDF400ACCF4E /* ArticlesCollectionViewCell.swift */ = {isa = PBXFileReference; lastKnownFileType = sourcecode.swift; path = ArticlesCollectionViewCell.swift; sourceTree = "<group>"; };
		97B79FE72A67CFCB00ACCF4E /* ArticlesCollectionView.swift */ = {isa = PBXFileReference; lastKnownFileType = sourcecode.swift; path = ArticlesCollectionView.swift; sourceTree = "<group>"; };
		97B79FE92A67D08500ACCF4E /* ArticlesViewController.swift */ = {isa = PBXFileReference; lastKnownFileType = sourcecode.swift; path = ArticlesViewController.swift; sourceTree = "<group>"; };
		97B79FF22A68F18600ACCF4E /* Shared.swift */ = {isa = PBXFileReference; lastKnownFileType = sourcecode.swift; path = Shared.swift; sourceTree = "<group>"; };
		97DC150E289B868E00696036 /* Sources.swift */ = {isa = PBXFileReference; lastKnownFileType = sourcecode.swift; path = Sources.swift; sourceTree = "<group>"; };
		97DC153928A15EDC00696036 /* News.xcdatamodel */ = {isa = PBXFileReference; lastKnownFileType = wrapper.xcdatamodel; path = News.xcdatamodel; sourceTree = "<group>"; };
		97F0C97928B351B20074595B /* GoogleService-Info.plist */ = {isa = PBXFileReference; fileEncoding = 4; lastKnownFileType = text.plist.xml; path = "GoogleService-Info.plist"; sourceTree = "<group>"; };
/* End PBXFileReference section */

/* Begin PBXFrameworksBuildPhase section */
		97083635288F0BC000C65BD5 /* Frameworks */ = {
			isa = PBXFrameworksBuildPhase;
			buildActionMask = 2147483647;
			files = (
				97B79FD02A66518900ACCF4E /* Lottie in Frameworks */,
				97B79FCD2A66511F00ACCF4E /* SkeletonView in Frameworks */,
				97B79FCA2A6650B900ACCF4E /* Kingfisher in Frameworks */,
				97B79FC52A66509900ACCF4E /* FirebaseAuth in Frameworks */,
				97B79FED2A67D84D00ACCF4E /* SwipeCellKit in Frameworks */,
				97B79FC72A66509900ACCF4E /* FirebaseFirestore in Frameworks */,
			);
			runOnlyForDeploymentPostprocessing = 0;
		};
/* End PBXFrameworksBuildPhase section */

/* Begin PBXGroup section */
		9708362F288F0BC000C65BD5 = {
			isa = PBXGroup;
			children = (
				9708363A288F0BC000C65BD5 /* NewsApp */,
				97083639288F0BC000C65BD5 /* Products */,
			);
			sourceTree = "<group>";
		};
		97083639288F0BC000C65BD5 /* Products */ = {
			isa = PBXGroup;
			children = (
				97083638288F0BC000C65BD5 /* NewsApp.app */,
			);
			name = Products;
			sourceTree = "<group>";
		};
		9708363A288F0BC000C65BD5 /* NewsApp */ = {
			isa = PBXGroup;
			children = (
				9722C7F829AC83B60040F884 /* News+CoreDataClass.swift */,
				9722C7F929AC83B70040F884 /* News+CoreDataProperties.swift */,
				97AA7B8328ACEE4D00CD6EF8 /* Animation */,
				97DC151328A0C6E300696036 /* CoreData */,
				978B3308288FA85900953DE2 /* Models */,
				978B3307288FA85100953DE2 /* Views */,
				978B3306288FA82000953DE2 /* Controllers */,
				9708363B288F0BC000C65BD5 /* AppDelegate.swift */,
				9708363D288F0BC000C65BD5 /* SceneDelegate.swift */,
				97083641288F0BC000C65BD5 /* Main.storyboard */,
				97083644288F0BC200C65BD5 /* Assets.xcassets */,
				97083646288F0BC200C65BD5 /* LaunchScreen.storyboard */,
				97083649288F0BC200C65BD5 /* Info.plist */,
				97DC153828A15EDC00696036 /* News.xcdatamodeld */,
				97F0C97928B351B20074595B /* GoogleService-Info.plist */,
			);
			path = NewsApp;
			sourceTree = "<group>";
		};
		978B3306288FA82000953DE2 /* Controllers */ = {
			isa = PBXGroup;
			children = (
				9798187E289250BD00C9D889 /* ApiViewController.swift */,
				97716C1B288FC6890021A231 /* CategoriesViewController.swift */,
				97716C1D288FC69C0021A231 /* SourcesViewController.swift */,
				97716C29288FDF360021A231 /* RegistrationViewController.swift */,
				97716C27288FDF230021A231 /* LoginViewController.swift */,
				971622F42893218C006718A3 /* WebViewController.swift */,
				970C10512896EABD005961EA /* ProfileViewController.swift */,
				97B79FD52A6659D900ACCF4E /* MainViewController.swift */,
				97B79FE92A67D08500ACCF4E /* ArticlesViewController.swift */,
			);
			path = Controllers;
			sourceTree = "<group>";
		};
		978B3307288FA85100953DE2 /* Views */ = {
			isa = PBXGroup;
			children = (
				97083651288F0E9400C65BD5 /* TableViewCell.swift */,
				97083652288F0E9400C65BD5 /* TableViewCell.xib */,
				97716C1F288FC70F0021A231 /* CategoriesCollectionViewCell.swift */,
				97716C21288FC7310021A231 /* CategoriesCollectionView.swift */,
				97716C25288FC7620021A231 /* SourcesCollectionViewCell.swift */,
				97716C23288FC74E0021A231 /* SourcesCollectionView.swift */,
				97B79FD12A66558C00ACCF4E /* MainCategoriesCollectionViewCell.swift */,
				97B79FD32A66587F00ACCF4E /* TrendingCollectionView.swift */,
				97B79FD72A66646B00ACCF4E /* MainCategoriesCollectionReusableView.swift */,
				97B79FD92A668A6700ACCF4E /* HeaderCategoriesCollectionViewCell.swift */,
				97B79FDB2A669CCD00ACCF4E /* BusinessCollectionView.swift */,
				97B79FDD2A669D3E00ACCF4E /* EntertainmentCollectionView.swift */,
				97B79FDF2A669E6200ACCF4E /* HealthCollectionView.swift */,
				97B79FE12A669EDB00ACCF4E /* SportsCollectionView.swift */,
				97B79FE32A669F1600ACCF4E /* TechnologyCollectionView.swift */,
				97B79FE52A67CDF400ACCF4E /* ArticlesCollectionViewCell.swift */,
				97B79FE72A67CFCB00ACCF4E /* ArticlesCollectionView.swift */,
			);
			path = Views;
			sourceTree = "<group>";
		};
		978B3308288FA85900953DE2 /* Models */ = {
			isa = PBXGroup;
			children = (
				97083655288F1E4900C65BD5 /* Models.swift */,
				979818802892510200C9D889 /* Network.swift */,
				979818822892512D00C9D889 /* News.swift */,
				97DC150E289B868E00696036 /* Sources.swift */,
				97B79FF22A68F18600ACCF4E /* Shared.swift */,
			);
			path = Models;
			sourceTree = "<group>";
		};
		97AA7B8328ACEE4D00CD6EF8 /* Animation */ = {
			isa = PBXGroup;
			children = (
				973DCBB028AC1F3800B99EE7 /* 23290-newspaper.json */,
				970C104E2896E9FC005961EA /* 91732-hello.json */,
			);
			path = Animation;
			sourceTree = "<group>";
		};
		97DC151328A0C6E300696036 /* CoreData */ = {
			isa = PBXGroup;
			children = (
			);
			path = CoreData;
			sourceTree = "<group>";
		};
/* End PBXGroup section */

/* Begin PBXNativeTarget section */
		97083637288F0BC000C65BD5 /* NewsApp */ = {
			isa = PBXNativeTarget;
			buildConfigurationList = 9708364C288F0BC200C65BD5 /* Build configuration list for PBXNativeTarget "NewsApp" */;
			buildPhases = (
				97083634288F0BC000C65BD5 /* Sources */,
				97083635288F0BC000C65BD5 /* Frameworks */,
				97083636288F0BC000C65BD5 /* Resources */,
			);
			buildRules = (
			);
			dependencies = (
			);
			name = NewsApp;
			packageProductDependencies = (
				97B79FC42A66509900ACCF4E /* FirebaseAuth */,
				97B79FC62A66509900ACCF4E /* FirebaseFirestore */,
				97B79FC92A6650B900ACCF4E /* Kingfisher */,
				97B79FCC2A66511F00ACCF4E /* SkeletonView */,
				97B79FCF2A66518900ACCF4E /* Lottie */,
				97B79FEC2A67D84D00ACCF4E /* SwipeCellKit */,
			);
			productName = CustomCells;
			productReference = 97083638288F0BC000C65BD5 /* NewsApp.app */;
			productType = "com.apple.product-type.application";
		};
/* End PBXNativeTarget section */

/* Begin PBXProject section */
		97083630288F0BC000C65BD5 /* Project object */ = {
			isa = PBXProject;
			attributes = {
				BuildIndependentTargetsInParallel = 1;
				LastSwiftUpdateCheck = 1340;
				LastUpgradeCheck = 1340;
				TargetAttributes = {
					97083637288F0BC000C65BD5 = {
						CreatedOnToolsVersion = 13.4.1;
					};
				};
			};
			buildConfigurationList = 97083633288F0BC000C65BD5 /* Build configuration list for PBXProject "NewsApp" */;
			compatibilityVersion = "Xcode 13.0";
			developmentRegion = en;
			hasScannedForEncodings = 0;
			knownRegions = (
				en,
				Base,
			);
			mainGroup = 9708362F288F0BC000C65BD5;
			packageReferences = (
				97B79FC32A66509900ACCF4E /* XCRemoteSwiftPackageReference "firebase-ios-sdk" */,
				97B79FC82A6650B900ACCF4E /* XCRemoteSwiftPackageReference "Kingfisher" */,
				97B79FCB2A66511F00ACCF4E /* XCRemoteSwiftPackageReference "SkeletonView" */,
				97B79FCE2A66518900ACCF4E /* XCRemoteSwiftPackageReference "lottie-spm" */,
				97B79FEB2A67D84C00ACCF4E /* XCRemoteSwiftPackageReference "SwipeCellKit" */,
			);
			productRefGroup = 97083639288F0BC000C65BD5 /* Products */;
			projectDirPath = "";
			projectRoot = "";
			targets = (
				97083637288F0BC000C65BD5 /* NewsApp */,
			);
		};
/* End PBXProject section */

/* Begin PBXResourcesBuildPhase section */
		97083636288F0BC000C65BD5 /* Resources */ = {
			isa = PBXResourcesBuildPhase;
			buildActionMask = 2147483647;
			files = (
				97083648288F0BC200C65BD5 /* LaunchScreen.storyboard in Resources */,
				97083654288F0E9400C65BD5 /* TableViewCell.xib in Resources */,
				97083645288F0BC200C65BD5 /* Assets.xcassets in Resources */,
				97083643288F0BC000C65BD5 /* Main.storyboard in Resources */,
				970C10502896E9FC005961EA /* 91732-hello.json in Resources */,
				973DCBB128AC1F3800B99EE7 /* 23290-newspaper.json in Resources */,
				97F0C97A28B351B20074595B /* GoogleService-Info.plist in Resources */,
			);
			runOnlyForDeploymentPostprocessing = 0;
		};
/* End PBXResourcesBuildPhase section */

/* Begin PBXSourcesBuildPhase section */
		97083634288F0BC000C65BD5 /* Sources */ = {
			isa = PBXSourcesBuildPhase;
			buildActionMask = 2147483647;
			files = (
				97B79FF32A68F18600ACCF4E /* Shared.swift in Sources */,
				97716C28288FDF230021A231 /* LoginViewController.swift in Sources */,
				97B79FEA2A67D08500ACCF4E /* ArticlesViewController.swift in Sources */,
				979818832892512D00C9D889 /* News.swift in Sources */,
				97083653288F0E9400C65BD5 /* TableViewCell.swift in Sources */,
				97716C26288FC7620021A231 /* SourcesCollectionViewCell.swift in Sources */,
				97716C2A288FDF360021A231 /* RegistrationViewController.swift in Sources */,
				97B79FE42A669F1600ACCF4E /* TechnologyCollectionView.swift in Sources */,
				97B79FD22A66558C00ACCF4E /* MainCategoriesCollectionViewCell.swift in Sources */,
				979818812892510200C9D889 /* Network.swift in Sources */,
				97B79FDA2A668A6700ACCF4E /* HeaderCategoriesCollectionViewCell.swift in Sources */,
				97716C20288FC70F0021A231 /* CategoriesCollectionViewCell.swift in Sources */,
				9722C7FC29AC841F0040F884 /* News.xcdatamodeld in Sources */,
				970C10522896EABD005961EA /* ProfileViewController.swift in Sources */,
				97716C1C288FC6890021A231 /* CategoriesViewController.swift in Sources */,
				97716C22288FC7310021A231 /* CategoriesCollectionView.swift in Sources */,
				97B79FD82A66646B00ACCF4E /* MainCategoriesCollectionReusableView.swift in Sources */,
				9708363C288F0BC000C65BD5 /* AppDelegate.swift in Sources */,
				97DC150F289B868F00696036 /* Sources.swift in Sources */,
				97B79FD42A66587F00ACCF4E /* TrendingCollectionView.swift in Sources */,
				97B79FE62A67CDF400ACCF4E /* ArticlesCollectionViewCell.swift in Sources */,
				97B79FDC2A669CCD00ACCF4E /* BusinessCollectionView.swift in Sources */,
				97B79FD62A6659D900ACCF4E /* MainViewController.swift in Sources */,
				9722C7FA29AC83B70040F884 /* News+CoreDataClass.swift in Sources */,
				9722C7FB29AC83B70040F884 /* News+CoreDataProperties.swift in Sources */,
				97B79FE82A67CFCB00ACCF4E /* ArticlesCollectionView.swift in Sources */,
				9708363E288F0BC000C65BD5 /* SceneDelegate.swift in Sources */,
				971622F52893218C006718A3 /* WebViewController.swift in Sources */,
				97716C24288FC74E0021A231 /* SourcesCollectionView.swift in Sources */,
				97B79FE02A669E6200ACCF4E /* HealthCollectionView.swift in Sources */,
				9798187F289250BD00C9D889 /* ApiViewController.swift in Sources */,
				97083656288F1E4900C65BD5 /* Models.swift in Sources */,
				97716C1E288FC69C0021A231 /* SourcesViewController.swift in Sources */,
				97B79FDE2A669D3E00ACCF4E /* EntertainmentCollectionView.swift in Sources */,
				97B79FE22A669EDB00ACCF4E /* SportsCollectionView.swift in Sources */,
			);
			runOnlyForDeploymentPostprocessing = 0;
		};
/* End PBXSourcesBuildPhase section */

/* Begin PBXVariantGroup section */
		97083641288F0BC000C65BD5 /* Main.storyboard */ = {
			isa = PBXVariantGroup;
			children = (
				97083642288F0BC000C65BD5 /* Base */,
			);
			name = Main.storyboard;
			sourceTree = "<group>";
		};
		97083646288F0BC200C65BD5 /* LaunchScreen.storyboard */ = {
			isa = PBXVariantGroup;
			children = (
				97083647288F0BC200C65BD5 /* Base */,
			);
			name = LaunchScreen.storyboard;
			sourceTree = "<group>";
		};
/* End PBXVariantGroup section */

/* Begin XCBuildConfiguration section */
		9708364A288F0BC200C65BD5 /* Debug */ = {
			isa = XCBuildConfiguration;
			buildSettings = {
				ALWAYS_SEARCH_USER_PATHS = NO;
				CLANG_ANALYZER_NONNULL = YES;
				CLANG_ANALYZER_NUMBER_OBJECT_CONVERSION = YES_AGGRESSIVE;
				CLANG_CXX_LANGUAGE_STANDARD = "gnu++17";
				CLANG_ENABLE_MODULES = YES;
				CLANG_ENABLE_OBJC_ARC = YES;
				CLANG_ENABLE_OBJC_WEAK = YES;
				CLANG_WARN_BLOCK_CAPTURE_AUTORELEASING = YES;
				CLANG_WARN_BOOL_CONVERSION = YES;
				CLANG_WARN_COMMA = YES;
				CLANG_WARN_CONSTANT_CONVERSION = YES;
				CLANG_WARN_DEPRECATED_OBJC_IMPLEMENTATIONS = YES;
				CLANG_WARN_DIRECT_OBJC_ISA_USAGE = YES_ERROR;
				CLANG_WARN_DOCUMENTATION_COMMENTS = YES;
				CLANG_WARN_EMPTY_BODY = YES;
				CLANG_WARN_ENUM_CONVERSION = YES;
				CLANG_WARN_INFINITE_RECURSION = YES;
				CLANG_WARN_INT_CONVERSION = YES;
				CLANG_WARN_NON_LITERAL_NULL_CONVERSION = YES;
				CLANG_WARN_OBJC_IMPLICIT_RETAIN_SELF = YES;
				CLANG_WARN_OBJC_LITERAL_CONVERSION = YES;
				CLANG_WARN_OBJC_ROOT_CLASS = YES_ERROR;
				CLANG_WARN_QUOTED_INCLUDE_IN_FRAMEWORK_HEADER = YES;
				CLANG_WARN_RANGE_LOOP_ANALYSIS = YES;
				CLANG_WARN_STRICT_PROTOTYPES = YES;
				CLANG_WARN_SUSPICIOUS_MOVE = YES;
				CLANG_WARN_UNGUARDED_AVAILABILITY = YES_AGGRESSIVE;
				CLANG_WARN_UNREACHABLE_CODE = YES;
				CLANG_WARN__DUPLICATE_METHOD_MATCH = YES;
				COPY_PHASE_STRIP = NO;
				DEBUG_INFORMATION_FORMAT = dwarf;
				ENABLE_STRICT_OBJC_MSGSEND = YES;
				ENABLE_TESTABILITY = YES;
				GCC_C_LANGUAGE_STANDARD = gnu11;
				GCC_DYNAMIC_NO_PIC = NO;
				GCC_NO_COMMON_BLOCKS = YES;
				GCC_OPTIMIZATION_LEVEL = 0;
				GCC_PREPROCESSOR_DEFINITIONS = (
					"DEBUG=1",
					"$(inherited)",
				);
				GCC_WARN_64_TO_32_BIT_CONVERSION = YES;
				GCC_WARN_ABOUT_RETURN_TYPE = YES_ERROR;
				GCC_WARN_UNDECLARED_SELECTOR = YES;
				GCC_WARN_UNINITIALIZED_AUTOS = YES_AGGRESSIVE;
				GCC_WARN_UNUSED_FUNCTION = YES;
				GCC_WARN_UNUSED_VARIABLE = YES;
				IPHONEOS_DEPLOYMENT_TARGET = 15.5;
				MTL_ENABLE_DEBUG_INFO = INCLUDE_SOURCE;
				MTL_FAST_MATH = YES;
				ONLY_ACTIVE_ARCH = YES;
				SDKROOT = iphoneos;
				SWIFT_ACTIVE_COMPILATION_CONDITIONS = DEBUG;
				SWIFT_OPTIMIZATION_LEVEL = "-Onone";
			};
			name = Debug;
		};
		9708364B288F0BC200C65BD5 /* Release */ = {
			isa = XCBuildConfiguration;
			buildSettings = {
				ALWAYS_SEARCH_USER_PATHS = NO;
				CLANG_ANALYZER_NONNULL = YES;
				CLANG_ANALYZER_NUMBER_OBJECT_CONVERSION = YES_AGGRESSIVE;
				CLANG_CXX_LANGUAGE_STANDARD = "gnu++17";
				CLANG_ENABLE_MODULES = YES;
				CLANG_ENABLE_OBJC_ARC = YES;
				CLANG_ENABLE_OBJC_WEAK = YES;
				CLANG_WARN_BLOCK_CAPTURE_AUTORELEASING = YES;
				CLANG_WARN_BOOL_CONVERSION = YES;
				CLANG_WARN_COMMA = YES;
				CLANG_WARN_CONSTANT_CONVERSION = YES;
				CLANG_WARN_DEPRECATED_OBJC_IMPLEMENTATIONS = YES;
				CLANG_WARN_DIRECT_OBJC_ISA_USAGE = YES_ERROR;
				CLANG_WARN_DOCUMENTATION_COMMENTS = YES;
				CLANG_WARN_EMPTY_BODY = YES;
				CLANG_WARN_ENUM_CONVERSION = YES;
				CLANG_WARN_INFINITE_RECURSION = YES;
				CLANG_WARN_INT_CONVERSION = YES;
				CLANG_WARN_NON_LITERAL_NULL_CONVERSION = YES;
				CLANG_WARN_OBJC_IMPLICIT_RETAIN_SELF = YES;
				CLANG_WARN_OBJC_LITERAL_CONVERSION = YES;
				CLANG_WARN_OBJC_ROOT_CLASS = YES_ERROR;
				CLANG_WARN_QUOTED_INCLUDE_IN_FRAMEWORK_HEADER = YES;
				CLANG_WARN_RANGE_LOOP_ANALYSIS = YES;
				CLANG_WARN_STRICT_PROTOTYPES = YES;
				CLANG_WARN_SUSPICIOUS_MOVE = YES;
				CLANG_WARN_UNGUARDED_AVAILABILITY = YES_AGGRESSIVE;
				CLANG_WARN_UNREACHABLE_CODE = YES;
				CLANG_WARN__DUPLICATE_METHOD_MATCH = YES;
				COPY_PHASE_STRIP = NO;
				DEBUG_INFORMATION_FORMAT = "dwarf-with-dsym";
				ENABLE_NS_ASSERTIONS = NO;
				ENABLE_STRICT_OBJC_MSGSEND = YES;
				GCC_C_LANGUAGE_STANDARD = gnu11;
				GCC_NO_COMMON_BLOCKS = YES;
				GCC_WARN_64_TO_32_BIT_CONVERSION = YES;
				GCC_WARN_ABOUT_RETURN_TYPE = YES_ERROR;
				GCC_WARN_UNDECLARED_SELECTOR = YES;
				GCC_WARN_UNINITIALIZED_AUTOS = YES_AGGRESSIVE;
				GCC_WARN_UNUSED_FUNCTION = YES;
				GCC_WARN_UNUSED_VARIABLE = YES;
				IPHONEOS_DEPLOYMENT_TARGET = 15.5;
				MTL_ENABLE_DEBUG_INFO = NO;
				MTL_FAST_MATH = YES;
				SDKROOT = iphoneos;
				SWIFT_COMPILATION_MODE = wholemodule;
				SWIFT_OPTIMIZATION_LEVEL = "-O";
				VALIDATE_PRODUCT = YES;
			};
			name = Release;
		};
		9708364D288F0BC200C65BD5 /* Debug */ = {
			isa = XCBuildConfiguration;
			buildSettings = {
				ASSETCATALOG_COMPILER_APPICON_NAME = AppIcon;
				ASSETCATALOG_COMPILER_GLOBAL_ACCENT_COLOR_NAME = AccentColor;
				CODE_SIGN_STYLE = Automatic;
				CURRENT_PROJECT_VERSION = 1;
				DEVELOPMENT_TEAM = WT8XRJ7QG4;
				GENERATE_INFOPLIST_FILE = YES;
				INFOPLIST_FILE = NewsApp/Info.plist;
				INFOPLIST_KEY_UIApplicationSupportsIndirectInputEvents = YES;
				INFOPLIST_KEY_UILaunchStoryboardName = LaunchScreen;
				INFOPLIST_KEY_UIMainStoryboardFile = Main;
				INFOPLIST_KEY_UISupportedInterfaceOrientations_iPad = "UIInterfaceOrientationPortrait UIInterfaceOrientationPortraitUpsideDown UIInterfaceOrientationLandscapeLeft UIInterfaceOrientationLandscapeRight";
				INFOPLIST_KEY_UISupportedInterfaceOrientations_iPhone = "UIInterfaceOrientationPortrait UIInterfaceOrientationLandscapeLeft UIInterfaceOrientationLandscapeRight";
				IPHONEOS_DEPLOYMENT_TARGET = 15.0;
				LD_RUNPATH_SEARCH_PATHS = (
					"$(inherited)",
					"@executable_path/Frameworks",
				);
				MARKETING_VERSION = 1.0;
				PRODUCT_BUNDLE_IDENTIFIER = com.tomirisnegmatova.CustomCells;
				PRODUCT_NAME = "$(TARGET_NAME)";
				SWIFT_EMIT_LOC_STRINGS = YES;
				SWIFT_VERSION = 5.0;
				TARGETED_DEVICE_FAMILY = "1,2";
			};
			name = Debug;
		};
		9708364E288F0BC200C65BD5 /* Release */ = {
			isa = XCBuildConfiguration;
			buildSettings = {
				ASSETCATALOG_COMPILER_APPICON_NAME = AppIcon;
				ASSETCATALOG_COMPILER_GLOBAL_ACCENT_COLOR_NAME = AccentColor;
				CODE_SIGN_STYLE = Automatic;
				CURRENT_PROJECT_VERSION = 1;
				DEVELOPMENT_TEAM = WT8XRJ7QG4;
				GENERATE_INFOPLIST_FILE = YES;
				INFOPLIST_FILE = NewsApp/Info.plist;
				INFOPLIST_KEY_UIApplicationSupportsIndirectInputEvents = YES;
				INFOPLIST_KEY_UILaunchStoryboardName = LaunchScreen;
				INFOPLIST_KEY_UIMainStoryboardFile = Main;
				INFOPLIST_KEY_UISupportedInterfaceOrientations_iPad = "UIInterfaceOrientationPortrait UIInterfaceOrientationPortraitUpsideDown UIInterfaceOrientationLandscapeLeft UIInterfaceOrientationLandscapeRight";
				INFOPLIST_KEY_UISupportedInterfaceOrientations_iPhone = "UIInterfaceOrientationPortrait UIInterfaceOrientationLandscapeLeft UIInterfaceOrientationLandscapeRight";
				IPHONEOS_DEPLOYMENT_TARGET = 15.0;
				LD_RUNPATH_SEARCH_PATHS = (
					"$(inherited)",
					"@executable_path/Frameworks",
				);
				MARKETING_VERSION = 1.0;
				PRODUCT_BUNDLE_IDENTIFIER = com.tomirisnegmatova.CustomCells;
				PRODUCT_NAME = "$(TARGET_NAME)";
				SWIFT_EMIT_LOC_STRINGS = YES;
				SWIFT_VERSION = 5.0;
				TARGETED_DEVICE_FAMILY = "1,2";
			};
			name = Release;
		};
/* End XCBuildConfiguration section */

/* Begin XCConfigurationList section */
		97083633288F0BC000C65BD5 /* Build configuration list for PBXProject "NewsApp" */ = {
			isa = XCConfigurationList;
			buildConfigurations = (
				9708364A288F0BC200C65BD5 /* Debug */,
				9708364B288F0BC200C65BD5 /* Release */,
			);
			defaultConfigurationIsVisible = 0;
			defaultConfigurationName = Release;
		};
		9708364C288F0BC200C65BD5 /* Build configuration list for PBXNativeTarget "NewsApp" */ = {
			isa = XCConfigurationList;
			buildConfigurations = (
				9708364D288F0BC200C65BD5 /* Debug */,
				9708364E288F0BC200C65BD5 /* Release */,
			);
			defaultConfigurationIsVisible = 0;
			defaultConfigurationName = Release;
		};
/* End XCConfigurationList section */

/* Begin XCRemoteSwiftPackageReference section */
		97B79FC32A66509900ACCF4E /* XCRemoteSwiftPackageReference "firebase-ios-sdk" */ = {
			isa = XCRemoteSwiftPackageReference;
			repositoryURL = "https://github.com/firebase/firebase-ios-sdk.git";
			requirement = {
				kind = upToNextMinorVersion;
				minimumVersion = 10.12.0;
			};
		};
		97B79FC82A6650B900ACCF4E /* XCRemoteSwiftPackageReference "Kingfisher" */ = {
			isa = XCRemoteSwiftPackageReference;
			repositoryURL = "https://github.com/onevcat/Kingfisher.git";
			requirement = {
				kind = upToNextMinorVersion;
				minimumVersion = 7.8.0;
			};
		};
		97B79FCB2A66511F00ACCF4E /* XCRemoteSwiftPackageReference "SkeletonView" */ = {
			isa = XCRemoteSwiftPackageReference;
			repositoryURL = "https://github.com/Juanpe/SkeletonView.git";
			requirement = {
				kind = upToNextMinorVersion;
				minimumVersion = 1.30.0;
			};
		};
		97B79FCE2A66518900ACCF4E /* XCRemoteSwiftPackageReference "lottie-spm" */ = {
			isa = XCRemoteSwiftPackageReference;
			repositoryURL = "https://github.com/airbnb/lottie-spm.git";
			requirement = {
				kind = upToNextMinorVersion;
				minimumVersion = 4.2.0;
			};
		};
		97B79FEB2A67D84C00ACCF4E /* XCRemoteSwiftPackageReference "SwipeCellKit" */ = {
			isa = XCRemoteSwiftPackageReference;
			repositoryURL = "https://github.com/SwipeCellKit/SwipeCellKit";
			requirement = {
				kind = upToNextMajorVersion;
				minimumVersion = 2.0.0;
			};
		};
/* End XCRemoteSwiftPackageReference section */

/* Begin XCSwiftPackageProductDependency section */
		97B79FC42A66509900ACCF4E /* FirebaseAuth */ = {
			isa = XCSwiftPackageProductDependency;
			package = 97B79FC32A66509900ACCF4E /* XCRemoteSwiftPackageReference "firebase-ios-sdk" */;
			productName = FirebaseAuth;
		};
		97B79FC62A66509900ACCF4E /* FirebaseFirestore */ = {
			isa = XCSwiftPackageProductDependency;
			package = 97B79FC32A66509900ACCF4E /* XCRemoteSwiftPackageReference "firebase-ios-sdk" */;
			productName = FirebaseFirestore;
		};
		97B79FC92A6650B900ACCF4E /* Kingfisher */ = {
			isa = XCSwiftPackageProductDependency;
			package = 97B79FC82A6650B900ACCF4E /* XCRemoteSwiftPackageReference "Kingfisher" */;
			productName = Kingfisher;
		};
		97B79FCC2A66511F00ACCF4E /* SkeletonView */ = {
			isa = XCSwiftPackageProductDependency;
			package = 97B79FCB2A66511F00ACCF4E /* XCRemoteSwiftPackageReference "SkeletonView" */;
			productName = SkeletonView;
		};
		97B79FCF2A66518900ACCF4E /* Lottie */ = {
			isa = XCSwiftPackageProductDependency;
			package = 97B79FCE2A66518900ACCF4E /* XCRemoteSwiftPackageReference "lottie-spm" */;
			productName = Lottie;
		};
		97B79FEC2A67D84D00ACCF4E /* SwipeCellKit */ = {
			isa = XCSwiftPackageProductDependency;
			package = 97B79FEB2A67D84C00ACCF4E /* XCRemoteSwiftPackageReference "SwipeCellKit" */;
			productName = SwipeCellKit;
		};
/* End XCSwiftPackageProductDependency section */

/* Begin XCVersionGroup section */
		97DC153828A15EDC00696036 /* News.xcdatamodeld */ = {
			isa = XCVersionGroup;
			children = (
				97DC153928A15EDC00696036 /* News.xcdatamodel */,
			);
			currentVersion = 97DC153928A15EDC00696036 /* News.xcdatamodel */;
			path = News.xcdatamodeld;
			sourceTree = "<group>";
			versionGroupType = wrapper.xcdatamodel;
		};
/* End XCVersionGroup section */
	};
	rootObject = 97083630288F0BC000C65BD5 /* Project object */;
}
