// !$*UTF8*$!
{
	archiveVersion = 1;
	classes = {
	};
	objectVersion = 55;
	objects = {

/* Begin PBXBuildFile section */
		9708363C288F0BC000C65BD5 /* AppDelegate.swift in Sources */ = {isa = PBXBuildFile; fileRef = 9708363B288F0BC000C65BD5 /* AppDelegate.swift */; };
		9708363E288F0BC000C65BD5 /* SceneDelegate.swift in Sources */ = {isa = PBXBuildFile; fileRef = 9708363D288F0BC000C65BD5 /* SceneDelegate.swift */; };
		97083640288F0BC000C65BD5 /* ArticlesViewController.swift in Sources */ = {isa = PBXBuildFile; fileRef = 9708363F288F0BC000C65BD5 /* ArticlesViewController.swift */; };
		97083643288F0BC000C65BD5 /* Main.storyboard in Resources */ = {isa = PBXBuildFile; fileRef = 97083641288F0BC000C65BD5 /* Main.storyboard */; };
		97083645288F0BC200C65BD5 /* Assets.xcassets in Resources */ = {isa = PBXBuildFile; fileRef = 97083644288F0BC200C65BD5 /* Assets.xcassets */; };
		97083648288F0BC200C65BD5 /* LaunchScreen.storyboard in Resources */ = {isa = PBXBuildFile; fileRef = 97083646288F0BC200C65BD5 /* LaunchScreen.storyboard */; };
		97083653288F0E9400C65BD5 /* TableViewCell.swift in Sources */ = {isa = PBXBuildFile; fileRef = 97083651288F0E9400C65BD5 /* TableViewCell.swift */; };
		97083654288F0E9400C65BD5 /* TableViewCell.xib in Resources */ = {isa = PBXBuildFile; fileRef = 97083652288F0E9400C65BD5 /* TableViewCell.xib */; };
		97083656288F1E4900C65BD5 /* Models.swift in Sources */ = {isa = PBXBuildFile; fileRef = 97083655288F1E4900C65BD5 /* Models.swift */; };
		971622EF2892949F006718A3 /* Kingfisher in Frameworks */ = {isa = PBXBuildFile; productRef = 971622EE2892949F006718A3 /* Kingfisher */; };
		971622F52893218C006718A3 /* WebViewController.swift in Sources */ = {isa = PBXBuildFile; fileRef = 971622F42893218C006718A3 /* WebViewController.swift */; };
		9742AD422893974E00EF355F /* BookmarksViewController.swift in Sources */ = {isa = PBXBuildFile; fileRef = 9742AD412893974E00EF355F /* BookmarksViewController.swift */; };
		97716C1C288FC6890021A231 /* CategoriesViewController.swift in Sources */ = {isa = PBXBuildFile; fileRef = 97716C1B288FC6890021A231 /* CategoriesViewController.swift */; };
		97716C1E288FC69C0021A231 /* SourcesViewController.swift in Sources */ = {isa = PBXBuildFile; fileRef = 97716C1D288FC69C0021A231 /* SourcesViewController.swift */; };
		97716C20288FC70F0021A231 /* CategoriesCollectionViewCell.swift in Sources */ = {isa = PBXBuildFile; fileRef = 97716C1F288FC70F0021A231 /* CategoriesCollectionViewCell.swift */; };
		97716C22288FC7310021A231 /* CategoriesCollectionView.swift in Sources */ = {isa = PBXBuildFile; fileRef = 97716C21288FC7310021A231 /* CategoriesCollectionView.swift */; };
		97716C24288FC74E0021A231 /* SourcesCollectionView.swift in Sources */ = {isa = PBXBuildFile; fileRef = 97716C23288FC74E0021A231 /* SourcesCollectionView.swift */; };
		97716C26288FC7620021A231 /* SourcesCollectionViewCell.swift in Sources */ = {isa = PBXBuildFile; fileRef = 97716C25288FC7620021A231 /* SourcesCollectionViewCell.swift */; };
		97716C28288FDF230021A231 /* LoginViewController.swift in Sources */ = {isa = PBXBuildFile; fileRef = 97716C27288FDF230021A231 /* LoginViewController.swift */; };
		97716C2A288FDF360021A231 /* RegistrationViewController.swift in Sources */ = {isa = PBXBuildFile; fileRef = 97716C29288FDF360021A231 /* RegistrationViewController.swift */; };
		9798187F289250BD00C9D889 /* ApiViewController.swift in Sources */ = {isa = PBXBuildFile; fileRef = 9798187E289250BD00C9D889 /* ApiViewController.swift */; };
		979818812892510200C9D889 /* Network.swift in Sources */ = {isa = PBXBuildFile; fileRef = 979818802892510200C9D889 /* Network.swift */; };
		979818832892512D00C9D889 /* News.swift in Sources */ = {isa = PBXBuildFile; fileRef = 979818822892512D00C9D889 /* News.swift */; };
/* End PBXBuildFile section */

/* Begin PBXFileReference section */
		97083638288F0BC000C65BD5 /* NewsApp.app */ = {isa = PBXFileReference; explicitFileType = wrapper.application; includeInIndex = 0; path = NewsApp.app; sourceTree = BUILT_PRODUCTS_DIR; };
		9708363B288F0BC000C65BD5 /* AppDelegate.swift */ = {isa = PBXFileReference; lastKnownFileType = sourcecode.swift; path = AppDelegate.swift; sourceTree = "<group>"; };
		9708363D288F0BC000C65BD5 /* SceneDelegate.swift */ = {isa = PBXFileReference; lastKnownFileType = sourcecode.swift; path = SceneDelegate.swift; sourceTree = "<group>"; };
		9708363F288F0BC000C65BD5 /* ArticlesViewController.swift */ = {isa = PBXFileReference; lastKnownFileType = sourcecode.swift; path = ArticlesViewController.swift; sourceTree = "<group>"; };
		97083642288F0BC000C65BD5 /* Base */ = {isa = PBXFileReference; lastKnownFileType = file.storyboard; name = Base; path = Base.lproj/Main.storyboard; sourceTree = "<group>"; };
		97083644288F0BC200C65BD5 /* Assets.xcassets */ = {isa = PBXFileReference; lastKnownFileType = folder.assetcatalog; path = Assets.xcassets; sourceTree = "<group>"; };
		97083647288F0BC200C65BD5 /* Base */ = {isa = PBXFileReference; lastKnownFileType = file.storyboard; name = Base; path = Base.lproj/LaunchScreen.storyboard; sourceTree = "<group>"; };
		97083649288F0BC200C65BD5 /* Info.plist */ = {isa = PBXFileReference; lastKnownFileType = text.plist.xml; path = Info.plist; sourceTree = "<group>"; };
		97083651288F0E9400C65BD5 /* TableViewCell.swift */ = {isa = PBXFileReference; lastKnownFileType = sourcecode.swift; path = TableViewCell.swift; sourceTree = "<group>"; };
		97083652288F0E9400C65BD5 /* TableViewCell.xib */ = {isa = PBXFileReference; lastKnownFileType = file.xib; path = TableViewCell.xib; sourceTree = "<group>"; };
		97083655288F1E4900C65BD5 /* Models.swift */ = {isa = PBXFileReference; lastKnownFileType = sourcecode.swift; path = Models.swift; sourceTree = "<group>"; };
		971622F42893218C006718A3 /* WebViewController.swift */ = {isa = PBXFileReference; lastKnownFileType = sourcecode.swift; path = WebViewController.swift; sourceTree = "<group>"; };
		9742AD412893974E00EF355F /* BookmarksViewController.swift */ = {isa = PBXFileReference; lastKnownFileType = sourcecode.swift; path = BookmarksViewController.swift; sourceTree = "<group>"; };
		97716C1B288FC6890021A231 /* CategoriesViewController.swift */ = {isa = PBXFileReference; lastKnownFileType = sourcecode.swift; path = CategoriesViewController.swift; sourceTree = "<group>"; };
		97716C1D288FC69C0021A231 /* SourcesViewController.swift */ = {isa = PBXFileReference; lastKnownFileType = sourcecode.swift; path = SourcesViewController.swift; sourceTree = "<group>"; };
		97716C1F288FC70F0021A231 /* CategoriesCollectionViewCell.swift */ = {isa = PBXFileReference; lastKnownFileType = sourcecode.swift; path = CategoriesCollectionViewCell.swift; sourceTree = "<group>"; };
		97716C21288FC7310021A231 /* CategoriesCollectionView.swift */ = {isa = PBXFileReference; lastKnownFileType = sourcecode.swift; path = CategoriesCollectionView.swift; sourceTree = "<group>"; };
		97716C23288FC74E0021A231 /* SourcesCollectionView.swift */ = {isa = PBXFileReference; lastKnownFileType = sourcecode.swift; path = SourcesCollectionView.swift; sourceTree = "<group>"; };
		97716C25288FC7620021A231 /* SourcesCollectionViewCell.swift */ = {isa = PBXFileReference; lastKnownFileType = sourcecode.swift; path = SourcesCollectionViewCell.swift; sourceTree = "<group>"; };
		97716C27288FDF230021A231 /* LoginViewController.swift */ = {isa = PBXFileReference; lastKnownFileType = sourcecode.swift; path = LoginViewController.swift; sourceTree = "<group>"; };
		97716C29288FDF360021A231 /* RegistrationViewController.swift */ = {isa = PBXFileReference; lastKnownFileType = sourcecode.swift; path = RegistrationViewController.swift; sourceTree = "<group>"; };
		9798187E289250BD00C9D889 /* ApiViewController.swift */ = {isa = PBXFileReference; lastKnownFileType = sourcecode.swift; path = ApiViewController.swift; sourceTree = "<group>"; };
		979818802892510200C9D889 /* Network.swift */ = {isa = PBXFileReference; lastKnownFileType = sourcecode.swift; path = Network.swift; sourceTree = "<group>"; };
		979818822892512D00C9D889 /* News.swift */ = {isa = PBXFileReference; lastKnownFileType = sourcecode.swift; path = News.swift; sourceTree = "<group>"; };
/* End PBXFileReference section */

/* Begin PBXFrameworksBuildPhase section */
		97083635288F0BC000C65BD5 /* Frameworks */ = {
			isa = PBXFrameworksBuildPhase;
			buildActionMask = 2147483647;
			files = (
				971622EF2892949F006718A3 /* Kingfisher in Frameworks */,
			);
			runOnlyForDeploymentPostprocessing = 0;
		};
/* End PBXFrameworksBuildPhase section */

/* Begin PBXGroup section */
		9708362F288F0BC000C65BD5 = {
			isa = PBXGroup;
			children = (
				9708363A288F0BC000C65BD5 /* NewsApp */,
				97083639288F0BC000C65BD5 /* Products */,
			);
			sourceTree = "<group>";
		};
		97083639288F0BC000C65BD5 /* Products */ = {
			isa = PBXGroup;
			children = (
				97083638288F0BC000C65BD5 /* NewsApp.app */,
			);
			name = Products;
			sourceTree = "<group>";
		};
		9708363A288F0BC000C65BD5 /* NewsApp */ = {
			isa = PBXGroup;
			children = (
				978B3308288FA85900953DE2 /* Models */,
				978B3307288FA85100953DE2 /* Views */,
				978B3306288FA82000953DE2 /* Controllers */,
				9708363B288F0BC000C65BD5 /* AppDelegate.swift */,
				9708363D288F0BC000C65BD5 /* SceneDelegate.swift */,
				97083641288F0BC000C65BD5 /* Main.storyboard */,
				97083644288F0BC200C65BD5 /* Assets.xcassets */,
				97083646288F0BC200C65BD5 /* LaunchScreen.storyboard */,
				97083649288F0BC200C65BD5 /* Info.plist */,
			);
			path = NewsApp;
			sourceTree = "<group>";
		};
		978B3306288FA82000953DE2 /* Controllers */ = {
			isa = PBXGroup;
			children = (
				9798187E289250BD00C9D889 /* ApiViewController.swift */,
				9708363F288F0BC000C65BD5 /* ArticlesViewController.swift */,
				97716C1B288FC6890021A231 /* CategoriesViewController.swift */,
				97716C1D288FC69C0021A231 /* SourcesViewController.swift */,
				97716C27288FDF230021A231 /* LoginViewController.swift */,
				97716C29288FDF360021A231 /* RegistrationViewController.swift */,
				971622F42893218C006718A3 /* WebViewController.swift */,
				9742AD412893974E00EF355F /* BookmarksViewController.swift */,
			);
			path = Controllers;
			sourceTree = "<group>";
		};
		978B3307288FA85100953DE2 /* Views */ = {
			isa = PBXGroup;
			children = (
				97083651288F0E9400C65BD5 /* TableViewCell.swift */,
				97083652288F0E9400C65BD5 /* TableViewCell.xib */,
				97716C1F288FC70F0021A231 /* CategoriesCollectionViewCell.swift */,
				97716C21288FC7310021A231 /* CategoriesCollectionView.swift */,
				97716C23288FC74E0021A231 /* SourcesCollectionView.swift */,
				97716C25288FC7620021A231 /* SourcesCollectionViewCell.swift */,
			);
			path = Views;
			sourceTree = "<group>";
		};
		978B3308288FA85900953DE2 /* Models */ = {
			isa = PBXGroup;
			children = (
				97083655288F1E4900C65BD5 /* Models.swift */,
				979818802892510200C9D889 /* Network.swift */,
				979818822892512D00C9D889 /* News.swift */,
			);
			path = Models;
			sourceTree = "<group>";
		};
/* End PBXGroup section */

/* Begin PBXNativeTarget section */
		97083637288F0BC000C65BD5 /* NewsApp */ = {
			isa = PBXNativeTarget;
			buildConfigurationList = 9708364C288F0BC200C65BD5 /* Build configuration list for PBXNativeTarget "NewsApp" */;
			buildPhases = (
				97083634288F0BC000C65BD5 /* Sources */,
				97083635288F0BC000C65BD5 /* Frameworks */,
				97083636288F0BC000C65BD5 /* Resources */,
			);
			buildRules = (
			);
			dependencies = (
			);
			name = NewsApp;
			packageProductDependencies = (
				971622EE2892949F006718A3 /* Kingfisher */,
			);
			productName = CustomCells;
			productReference = 97083638288F0BC000C65BD5 /* NewsApp.app */;
			productType = "com.apple.product-type.application";
		};
/* End PBXNativeTarget section */

/* Begin PBXProject section */
		97083630288F0BC000C65BD5 /* Project object */ = {
			isa = PBXProject;
			attributes = {
				BuildIndependentTargetsInParallel = 1;
				LastSwiftUpdateCheck = 1340;
				LastUpgradeCheck = 1340;
				TargetAttributes = {
					97083637288F0BC000C65BD5 = {
						CreatedOnToolsVersion = 13.4.1;
					};
				};
			};
			buildConfigurationList = 97083633288F0BC000C65BD5 /* Build configuration list for PBXProject "NewsApp" */;
			compatibilityVersion = "Xcode 13.0";
			developmentRegion = en;
			hasScannedForEncodings = 0;
			knownRegions = (
				en,
				Base,
			);
			mainGroup = 9708362F288F0BC000C65BD5;
			packageReferences = (
				971622ED2892949F006718A3 /* XCRemoteSwiftPackageReference "Kingfisher" */,
			);
			productRefGroup = 97083639288F0BC000C65BD5 /* Products */;
			projectDirPath = "";
			projectRoot = "";
			targets = (
				97083637288F0BC000C65BD5 /* NewsApp */,
			);
		};
/* End PBXProject section */

/* Begin PBXResourcesBuildPhase section */
		97083636288F0BC000C65BD5 /* Resources */ = {
			isa = PBXResourcesBuildPhase;
			buildActionMask = 2147483647;
			files = (
				97083648288F0BC200C65BD5 /* LaunchScreen.storyboard in Resources */,
				97083654288F0E9400C65BD5 /* TableViewCell.xib in Resources */,
				97083645288F0BC200C65BD5 /* Assets.xcassets in Resources */,
				97083643288F0BC000C65BD5 /* Main.storyboard in Resources */,
			);
			runOnlyForDeploymentPostprocessing = 0;
		};
/* End PBXResourcesBuildPhase section */

/* Begin PBXSourcesBuildPhase section */
		97083634288F0BC000C65BD5 /* Sources */ = {
			isa = PBXSourcesBuildPhase;
			buildActionMask = 2147483647;
			files = (
				9742AD422893974E00EF355F /* BookmarksViewController.swift in Sources */,
				97716C28288FDF230021A231 /* LoginViewController.swift in Sources */,
				97083640288F0BC000C65BD5 /* ArticlesViewController.swift in Sources */,
				979818832892512D00C9D889 /* News.swift in Sources */,
				97083653288F0E9400C65BD5 /* TableViewCell.swift in Sources */,
				97716C26288FC7620021A231 /* SourcesCollectionViewCell.swift in Sources */,
				97716C2A288FDF360021A231 /* RegistrationViewController.swift in Sources */,
				979818812892510200C9D889 /* Network.swift in Sources */,
				97716C20288FC70F0021A231 /* CategoriesCollectionViewCell.swift in Sources */,
				97716C1C288FC6890021A231 /* CategoriesViewController.swift in Sources */,
				97716C22288FC7310021A231 /* CategoriesCollectionView.swift in Sources */,
				9708363C288F0BC000C65BD5 /* AppDelegate.swift in Sources */,
				9708363E288F0BC000C65BD5 /* SceneDelegate.swift in Sources */,
				971622F52893218C006718A3 /* WebViewController.swift in Sources */,
				97716C24288FC74E0021A231 /* SourcesCollectionView.swift in Sources */,
				9798187F289250BD00C9D889 /* ApiViewController.swift in Sources */,
				97083656288F1E4900C65BD5 /* Models.swift in Sources */,
				97716C1E288FC69C0021A231 /* SourcesViewController.swift in Sources */,
			);
			runOnlyForDeploymentPostprocessing = 0;
		};
/* End PBXSourcesBuildPhase section */

/* Begin PBXVariantGroup section */
		97083641288F0BC000C65BD5 /* Main.storyboard */ = {
			isa = PBXVariantGroup;
			children = (
				97083642288F0BC000C65BD5 /* Base */,
			);
			name = Main.storyboard;
			sourceTree = "<group>";
		};
		97083646288F0BC200C65BD5 /* LaunchScreen.storyboard */ = {
			isa = PBXVariantGroup;
			children = (
				97083647288F0BC200C65BD5 /* Base */,
			);
			name = LaunchScreen.storyboard;
			sourceTree = "<group>";
		};
/* End PBXVariantGroup section */

/* Begin XCBuildConfiguration section */
		9708364A288F0BC200C65BD5 /* Debug */ = {
			isa = XCBuildConfiguration;
			buildSettings = {
				ALWAYS_SEARCH_USER_PATHS = NO;
				CLANG_ANALYZER_NONNULL = YES;
				CLANG_ANALYZER_NUMBER_OBJECT_CONVERSION = YES_AGGRESSIVE;
				CLANG_CXX_LANGUAGE_STANDARD = "gnu++17";
				CLANG_ENABLE_MODULES = YES;
				CLANG_ENABLE_OBJC_ARC = YES;
				CLANG_ENABLE_OBJC_WEAK = YES;
				CLANG_WARN_BLOCK_CAPTURE_AUTORELEASING = YES;
				CLANG_WARN_BOOL_CONVERSION = YES;
				CLANG_WARN_COMMA = YES;
				CLANG_WARN_CONSTANT_CONVERSION = YES;
				CLANG_WARN_DEPRECATED_OBJC_IMPLEMENTATIONS = YES;
				CLANG_WARN_DIRECT_OBJC_ISA_USAGE = YES_ERROR;
				CLANG_WARN_DOCUMENTATION_COMMENTS = YES;
				CLANG_WARN_EMPTY_BODY = YES;
				CLANG_WARN_ENUM_CONVERSION = YES;
				CLANG_WARN_INFINITE_RECURSION = YES;
				CLANG_WARN_INT_CONVERSION = YES;
				CLANG_WARN_NON_LITERAL_NULL_CONVERSION = YES;
				CLANG_WARN_OBJC_IMPLICIT_RETAIN_SELF = YES;
				CLANG_WARN_OBJC_LITERAL_CONVERSION = YES;
				CLANG_WARN_OBJC_ROOT_CLASS = YES_ERROR;
				CLANG_WARN_QUOTED_INCLUDE_IN_FRAMEWORK_HEADER = YES;
				CLANG_WARN_RANGE_LOOP_ANALYSIS = YES;
				CLANG_WARN_STRICT_PROTOTYPES = YES;
				CLANG_WARN_SUSPICIOUS_MOVE = YES;
				CLANG_WARN_UNGUARDED_AVAILABILITY = YES_AGGRESSIVE;
				CLANG_WARN_UNREACHABLE_CODE = YES;
				CLANG_WARN__DUPLICATE_METHOD_MATCH = YES;
				COPY_PHASE_STRIP = NO;
				DEBUG_INFORMATION_FORMAT = dwarf;
				ENABLE_STRICT_OBJC_MSGSEND = YES;
				ENABLE_TESTABILITY = YES;
				GCC_C_LANGUAGE_STANDARD = gnu11;
				GCC_DYNAMIC_NO_PIC = NO;
				GCC_NO_COMMON_BLOCKS = YES;
				GCC_OPTIMIZATION_LEVEL = 0;
				GCC_PREPROCESSOR_DEFINITIONS = (
					"DEBUG=1",
					"$(inherited)",
				);
				GCC_WARN_64_TO_32_BIT_CONVERSION = YES;
				GCC_WARN_ABOUT_RETURN_TYPE = YES_ERROR;
				GCC_WARN_UNDECLARED_SELECTOR = YES;
				GCC_WARN_UNINITIALIZED_AUTOS = YES_AGGRESSIVE;
				GCC_WARN_UNUSED_FUNCTION = YES;
				GCC_WARN_UNUSED_VARIABLE = YES;
				IPHONEOS_DEPLOYMENT_TARGET = 15.5;
				MTL_ENABLE_DEBUG_INFO = INCLUDE_SOURCE;
				MTL_FAST_MATH = YES;
				ONLY_ACTIVE_ARCH = YES;
				SDKROOT = iphoneos;
				SWIFT_ACTIVE_COMPILATION_CONDITIONS = DEBUG;
				SWIFT_OPTIMIZATION_LEVEL = "-Onone";
			};
			name = Debug;
		};
		9708364B288F0BC200C65BD5 /* Release */ = {
			isa = XCBuildConfiguration;
			buildSettings = {
				ALWAYS_SEARCH_USER_PATHS = NO;
				CLANG_ANALYZER_NONNULL = YES;
				CLANG_ANALYZER_NUMBER_OBJECT_CONVERSION = YES_AGGRESSIVE;
				CLANG_CXX_LANGUAGE_STANDARD = "gnu++17";
				CLANG_ENABLE_MODULES = YES;
				CLANG_ENABLE_OBJC_ARC = YES;
				CLANG_ENABLE_OBJC_WEAK = YES;
				CLANG_WARN_BLOCK_CAPTURE_AUTORELEASING = YES;
				CLANG_WARN_BOOL_CONVERSION = YES;
				CLANG_WARN_COMMA = YES;
				CLANG_WARN_CONSTANT_CONVERSION = YES;
				CLANG_WARN_DEPRECATED_OBJC_IMPLEMENTATIONS = YES;
				CLANG_WARN_DIRECT_OBJC_ISA_USAGE = YES_ERROR;
				CLANG_WARN_DOCUMENTATION_COMMENTS = YES;
				CLANG_WARN_EMPTY_BODY = YES;
				CLANG_WARN_ENUM_CONVERSION = YES;
				CLANG_WARN_INFINITE_RECURSION = YES;
				CLANG_WARN_INT_CONVERSION = YES;
				CLANG_WARN_NON_LITERAL_NULL_CONVERSION = YES;
				CLANG_WARN_OBJC_IMPLICIT_RETAIN_SELF = YES;
				CLANG_WARN_OBJC_LITERAL_CONVERSION = YES;
				CLANG_WARN_OBJC_ROOT_CLASS = YES_ERROR;
				CLANG_WARN_QUOTED_INCLUDE_IN_FRAMEWORK_HEADER = YES;
				CLANG_WARN_RANGE_LOOP_ANALYSIS = YES;
				CLANG_WARN_STRICT_PROTOTYPES = YES;
				CLANG_WARN_SUSPICIOUS_MOVE = YES;
				CLANG_WARN_UNGUARDED_AVAILABILITY = YES_AGGRESSIVE;
				CLANG_WARN_UNREACHABLE_CODE = YES;
				CLANG_WARN__DUPLICATE_METHOD_MATCH = YES;
				COPY_PHASE_STRIP = NO;
				DEBUG_INFORMATION_FORMAT = "dwarf-with-dsym";
				ENABLE_NS_ASSERTIONS = NO;
				ENABLE_STRICT_OBJC_MSGSEND = YES;
				GCC_C_LANGUAGE_STANDARD = gnu11;
				GCC_NO_COMMON_BLOCKS = YES;
				GCC_WARN_64_TO_32_BIT_CONVERSION = YES;
				GCC_WARN_ABOUT_RETURN_TYPE = YES_ERROR;
				GCC_WARN_UNDECLARED_SELECTOR = YES;
				GCC_WARN_UNINITIALIZED_AUTOS = YES_AGGRESSIVE;
				GCC_WARN_UNUSED_FUNCTION = YES;
				GCC_WARN_UNUSED_VARIABLE = YES;
				IPHONEOS_DEPLOYMENT_TARGET = 15.5;
				MTL_ENABLE_DEBUG_INFO = NO;
				MTL_FAST_MATH = YES;
				SDKROOT = iphoneos;
				SWIFT_COMPILATION_MODE = wholemodule;
				SWIFT_OPTIMIZATION_LEVEL = "-O";
				VALIDATE_PRODUCT = YES;
			};
			name = Release;
		};
		9708364D288F0BC200C65BD5 /* Debug */ = {
			isa = XCBuildConfiguration;
			buildSettings = {
				ASSETCATALOG_COMPILER_APPICON_NAME = AppIcon;
				ASSETCATALOG_COMPILER_GLOBAL_ACCENT_COLOR_NAME = AccentColor;
				CODE_SIGN_STYLE = Automatic;
				CURRENT_PROJECT_VERSION = 1;
				DEVELOPMENT_TEAM = WT8XRJ7QG4;
				GENERATE_INFOPLIST_FILE = YES;
				INFOPLIST_FILE = NewsApp/Info.plist;
				INFOPLIST_KEY_UIApplicationSupportsIndirectInputEvents = YES;
				INFOPLIST_KEY_UILaunchStoryboardName = LaunchScreen;
				INFOPLIST_KEY_UIMainStoryboardFile = Main;
				INFOPLIST_KEY_UISupportedInterfaceOrientations_iPad = "UIInterfaceOrientationPortrait UIInterfaceOrientationPortraitUpsideDown UIInterfaceOrientationLandscapeLeft UIInterfaceOrientationLandscapeRight";
				INFOPLIST_KEY_UISupportedInterfaceOrientations_iPhone = "UIInterfaceOrientationPortrait UIInterfaceOrientationLandscapeLeft UIInterfaceOrientationLandscapeRight";
				LD_RUNPATH_SEARCH_PATHS = (
					"$(inherited)",
					"@executable_path/Frameworks",
				);
				MARKETING_VERSION = 1.0;
				PRODUCT_BUNDLE_IDENTIFIER = com.tomirisnegmatova.CustomCells;
				PRODUCT_NAME = "$(TARGET_NAME)";
				SWIFT_EMIT_LOC_STRINGS = YES;
				SWIFT_VERSION = 5.0;
				TARGETED_DEVICE_FAMILY = "1,2";
			};
			name = Debug;
		};
		9708364E288F0BC200C65BD5 /* Release */ = {
			isa = XCBuildConfiguration;
			buildSettings = {
				ASSETCATALOG_COMPILER_APPICON_NAME = AppIcon;
				ASSETCATALOG_COMPILER_GLOBAL_ACCENT_COLOR_NAME = AccentColor;
				CODE_SIGN_STYLE = Automatic;
				CURRENT_PROJECT_VERSION = 1;
				DEVELOPMENT_TEAM = WT8XRJ7QG4;
				GENERATE_INFOPLIST_FILE = YES;
				INFOPLIST_FILE = NewsApp/Info.plist;
				INFOPLIST_KEY_UIApplicationSupportsIndirectInputEvents = YES;
				INFOPLIST_KEY_UILaunchStoryboardName = LaunchScreen;
				INFOPLIST_KEY_UIMainStoryboardFile = Main;
				INFOPLIST_KEY_UISupportedInterfaceOrientations_iPad = "UIInterfaceOrientationPortrait UIInterfaceOrientationPortraitUpsideDown UIInterfaceOrientationLandscapeLeft UIInterfaceOrientationLandscapeRight";
				INFOPLIST_KEY_UISupportedInterfaceOrientations_iPhone = "UIInterfaceOrientationPortrait UIInterfaceOrientationLandscapeLeft UIInterfaceOrientationLandscapeRight";
				LD_RUNPATH_SEARCH_PATHS = (
					"$(inherited)",
					"@executable_path/Frameworks",
				);
				MARKETING_VERSION = 1.0;
				PRODUCT_BUNDLE_IDENTIFIER = com.tomirisnegmatova.CustomCells;
				PRODUCT_NAME = "$(TARGET_NAME)";
				SWIFT_EMIT_LOC_STRINGS = YES;
				SWIFT_VERSION = 5.0;
				TARGETED_DEVICE_FAMILY = "1,2";
			};
			name = Release;
		};
/* End XCBuildConfiguration section */

/* Begin XCConfigurationList section */
		97083633288F0BC000C65BD5 /* Build configuration list for PBXProject "NewsApp" */ = {
			isa = XCConfigurationList;
			buildConfigurations = (
				9708364A288F0BC200C65BD5 /* Debug */,
				9708364B288F0BC200C65BD5 /* Release */,
			);
			defaultConfigurationIsVisible = 0;
			defaultConfigurationName = Release;
		};
		9708364C288F0BC200C65BD5 /* Build configuration list for PBXNativeTarget "NewsApp" */ = {
			isa = XCConfigurationList;
			buildConfigurations = (
				9708364D288F0BC200C65BD5 /* Debug */,
				9708364E288F0BC200C65BD5 /* Release */,
			);
			defaultConfigurationIsVisible = 0;
			defaultConfigurationName = Release;
		};
/* End XCConfigurationList section */

/* Begin XCRemoteSwiftPackageReference section */
		971622ED2892949F006718A3 /* XCRemoteSwiftPackageReference "Kingfisher" */ = {
			isa = XCRemoteSwiftPackageReference;
			repositoryURL = "https://github.com/onevcat/Kingfisher.git";
			requirement = {
				kind = upToNextMajorVersion;
				minimumVersion = 7.0.0;
			};
		};
/* End XCRemoteSwiftPackageReference section */

/* Begin XCSwiftPackageProductDependency section */
		971622EE2892949F006718A3 /* Kingfisher */ = {
			isa = XCSwiftPackageProductDependency;
			package = 971622ED2892949F006718A3 /* XCRemoteSwiftPackageReference "Kingfisher" */;
			productName = Kingfisher;
		};
/* End XCSwiftPackageProductDependency section */
	};
	rootObject = 97083630288F0BC000C65BD5 /* Project object */;
}
